// !$*UTF8*$!
{
	archiveVersion = 1;
	classes = {
	};
	objectVersion = 56;
	objects = {

/* Begin PBXBuildFile section */
		E9C3B3272B8817E0004AE443 /* AppDelegate.swift in Sources */ = {isa = PBXBuildFile; fileRef = E9C3B3262B8817E0004AE443 /* AppDelegate.swift */; };
		E9C3B3292B8817E0004AE443 /* SceneDelegate.swift in Sources */ = {isa = PBXBuildFile; fileRef = E9C3B3282B8817E0004AE443 /* SceneDelegate.swift */; };
		E9C3B32B2B8817E0004AE443 /* ViewController.swift in Sources */ = {isa = PBXBuildFile; fileRef = E9C3B32A2B8817E0004AE443 /* ViewController.swift */; };
		E9C3B32E2B8817E0004AE443 /* Main.storyboard in Resources */ = {isa = PBXBuildFile; fileRef = E9C3B32C2B8817E0004AE443 /* Main.storyboard */; };
		E9C3B3302B8817E2004AE443 /* Assets.xcassets in Resources */ = {isa = PBXBuildFile; fileRef = E9C3B32F2B8817E2004AE443 /* Assets.xcassets */; };
		E9C3B3332B8817E2004AE443 /* LaunchScreen.storyboard in Resources */ = {isa = PBXBuildFile; fileRef = E9C3B3312B8817E2004AE443 /* LaunchScreen.storyboard */; };
		E9C3B33E2B8817E3004AE443 /* practicefeb22Tests.swift in Sources */ = {isa = PBXBuildFile; fileRef = E9C3B33D2B8817E3004AE443 /* practicefeb22Tests.swift */; };
		E9C3B3482B8817E3004AE443 /* practicefeb22UITests.swift in Sources */ = {isa = PBXBuildFile; fileRef = E9C3B3472B8817E3004AE443 /* practicefeb22UITests.swift */; };
		E9C3B34A2B8817E3004AE443 /* practicefeb22UITestsLaunchTests.swift in Sources */ = {isa = PBXBuildFile; fileRef = E9C3B3492B8817E3004AE443 /* practicefeb22UITestsLaunchTests.swift */; };
/* End PBXBuildFile section */

/* Begin PBXContainerItemProxy section */
		E9C3B33A2B8817E3004AE443 /* PBXContainerItemProxy */ = {
			isa = PBXContainerItemProxy;
			containerPortal = E9C3B31B2B8817E0004AE443 /* Project object */;
			proxyType = 1;
			remoteGlobalIDString = E9C3B3222B8817E0004AE443;
			remoteInfo = practicefeb22;
		};
		E9C3B3442B8817E3004AE443 /* PBXContainerItemProxy */ = {
			isa = PBXContainerItemProxy;
			containerPortal = E9C3B31B2B8817E0004AE443 /* Project object */;
			proxyType = 1;
			remoteGlobalIDString = E9C3B3222B8817E0004AE443;
			remoteInfo = practicefeb22;
		};
/* End PBXContainerItemProxy section */

/* Begin PBXFileReference section */
		E9C3B3232B8817E0004AE443 /* practicefeb22.app */ = {isa = PBXFileReference; explicitFileType = wrapper.application; includeInIndex = 0; path = practicefeb22.app; sourceTree = BUILT_PRODUCTS_DIR; };
		E9C3B3262B8817E0004AE443 /* AppDelegate.swift */ = {isa = PBXFileReference; lastKnownFileType = sourcecode.swift; path = AppDelegate.swift; sourceTree = "<group>"; };
		E9C3B3282B8817E0004AE443 /* SceneDelegate.swift */ = {isa = PBXFileReference; lastKnownFileType = sourcecode.swift; path = SceneDelegate.swift; sourceTree = "<group>"; };
		E9C3B32A2B8817E0004AE443 /* ViewController.swift */ = {isa = PBXFileReference; lastKnownFileType = sourcecode.swift; path = ViewController.swift; sourceTree = "<group>"; };
		E9C3B32D2B8817E0004AE443 /* Base */ = {isa = PBXFileReference; lastKnownFileType = file.storyboard; name = Base; path = Base.lproj/Main.storyboard; sourceTree = "<group>"; };
		E9C3B32F2B8817E2004AE443 /* Assets.xcassets */ = {isa = PBXFileReference; lastKnownFileType = folder.assetcatalog; path = Assets.xcassets; sourceTree = "<group>"; };
		E9C3B3322B8817E2004AE443 /* Base */ = {isa = PBXFileReference; lastKnownFileType = file.storyboard; name = Base; path = Base.lproj/LaunchScreen.storyboard; sourceTree = "<group>"; };
		E9C3B3342B8817E2004AE443 /* Info.plist */ = {isa = PBXFileReference; lastKnownFileType = text.plist.xml; path = Info.plist; sourceTree = "<group>"; };
		E9C3B3392B8817E3004AE443 /* practicefeb22Tests.xctest */ = {isa = PBXFileReference; explicitFileType = wrapper.cfbundle; includeInIndex = 0; path = practicefeb22Tests.xctest; sourceTree = BUILT_PRODUCTS_DIR; };
		E9C3B33D2B8817E3004AE443 /* practicefeb22Tests.swift */ = {isa = PBXFileReference; lastKnownFileType = sourcecode.swift; path = practicefeb22Tests.swift; sourceTree = "<group>"; };
		E9C3B3432B8817E3004AE443 /* practicefeb22UITests.xctest */ = {isa = PBXFileReference; explicitFileType = wrapper.cfbundle; includeInIndex = 0; path = practicefeb22UITests.xctest; sourceTree = BUILT_PRODUCTS_DIR; };
		E9C3B3472B8817E3004AE443 /* practicefeb22UITests.swift */ = {isa = PBXFileReference; lastKnownFileType = sourcecode.swift; path = practicefeb22UITests.swift; sourceTree = "<group>"; };
		E9C3B3492B8817E3004AE443 /* practicefeb22UITestsLaunchTests.swift */ = {isa = PBXFileReference; lastKnownFileType = sourcecode.swift; path = practicefeb22UITestsLaunchTests.swift; sourceTree = "<group>"; };
/* End PBXFileReference section */

/* Begin PBXFrameworksBuildPhase section */
		E9C3B3202B8817E0004AE443 /* Frameworks */ = {
			isa = PBXFrameworksBuildPhase;
			buildActionMask = 2147483647;
			files = (
			);
			runOnlyForDeploymentPostprocessing = 0;
		};
		E9C3B3362B8817E3004AE443 /* Frameworks */ = {
			isa = PBXFrameworksBuildPhase;
			buildActionMask = 2147483647;
			files = (
			);
			runOnlyForDeploymentPostprocessing = 0;
		};
		E9C3B3402B8817E3004AE443 /* Frameworks */ = {
			isa = PBXFrameworksBuildPhase;
			buildActionMask = 2147483647;
			files = (
			);
			runOnlyForDeploymentPostprocessing = 0;
		};
/* End PBXFrameworksBuildPhase section */

/* Begin PBXGroup section */
		E9C3B31A2B8817E0004AE443 = {
			isa = PBXGroup;
			children = (
				E9C3B3252B8817E0004AE443 /* practicefeb22 */,
				E9C3B33C2B8817E3004AE443 /* practicefeb22Tests */,
				E9C3B3462B8817E3004AE443 /* practicefeb22UITests */,
				E9C3B3242B8817E0004AE443 /* Products */,
			);
			sourceTree = "<group>";
		};
		E9C3B3242B8817E0004AE443 /* Products */ = {
			isa = PBXGroup;
			children = (
				E9C3B3232B8817E0004AE443 /* practicefeb22.app */,
				E9C3B3392B8817E3004AE443 /* practicefeb22Tests.xctest */,
				E9C3B3432B8817E3004AE443 /* practicefeb22UITests.xctest */,
			);
			name = Products;
			sourceTree = "<group>";
		};
		E9C3B3252B8817E0004AE443 /* practicefeb22 */ = {
			isa = PBXGroup;
			children = (
				E9C3B3262B8817E0004AE443 /* AppDelegate.swift */,
				E9C3B3282B8817E0004AE443 /* SceneDelegate.swift */,
				E9C3B32A2B8817E0004AE443 /* ViewController.swift */,
				E9C3B32C2B8817E0004AE443 /* Main.storyboard */,
				E9C3B32F2B8817E2004AE443 /* Assets.xcassets */,
				E9C3B3312B8817E2004AE443 /* LaunchScreen.storyboard */,
				E9C3B3342B8817E2004AE443 /* Info.plist */,
			);
			path = practicefeb22;
			sourceTree = "<group>";
		};
		E9C3B33C2B8817E3004AE443 /* practicefeb22Tests */ = {
			isa = PBXGroup;
			children = (
				E9C3B33D2B8817E3004AE443 /* practicefeb22Tests.swift */,
			);
			path = practicefeb22Tests;
			sourceTree = "<group>";
		};
		E9C3B3462B8817E3004AE443 /* practicefeb22UITests */ = {
			isa = PBXGroup;
			children = (
				E9C3B3472B8817E3004AE443 /* practicefeb22UITests.swift */,
				E9C3B3492B8817E3004AE443 /* practicefeb22UITestsLaunchTests.swift */,
			);
			path = practicefeb22UITests;
			sourceTree = "<group>";
		};
/* End PBXGroup section */

/* Begin PBXNativeTarget section */
		E9C3B3222B8817E0004AE443 /* practicefeb22 */ = {
			isa = PBXNativeTarget;
			buildConfigurationList = E9C3B34D2B8817E3004AE443 /* Build configuration list for PBXNativeTarget "practicefeb22" */;
			buildPhases = (
				E9C3B31F2B8817E0004AE443 /* Sources */,
				E9C3B3202B8817E0004AE443 /* Frameworks */,
				E9C3B3212B8817E0004AE443 /* Resources */,
			);
			buildRules = (
			);
			dependencies = (
			);
			name = practicefeb22;
			productName = practicefeb22;
			productReference = E9C3B3232B8817E0004AE443 /* practicefeb22.app */;
			productType = "com.apple.product-type.application";
		};
		E9C3B3382B8817E3004AE443 /* practicefeb22Tests */ = {
			isa = PBXNativeTarget;
			buildConfigurationList = E9C3B3502B8817E3004AE443 /* Build configuration list for PBXNativeTarget "practicefeb22Tests" */;
			buildPhases = (
				E9C3B3352B8817E3004AE443 /* Sources */,
				E9C3B3362B8817E3004AE443 /* Frameworks */,
				E9C3B3372B8817E3004AE443 /* Resources */,
			);
			buildRules = (
			);
			dependencies = (
				E9C3B33B2B8817E3004AE443 /* PBXTargetDependency */,
			);
			name = practicefeb22Tests;
			productName = practicefeb22Tests;
			productReference = E9C3B3392B8817E3004AE443 /* practicefeb22Tests.xctest */;
			productType = "com.apple.product-type.bundle.unit-test";
		};
		E9C3B3422B8817E3004AE443 /* practicefeb22UITests */ = {
			isa = PBXNativeTarget;
			buildConfigurationList = E9C3B3532B8817E3004AE443 /* Build configuration list for PBXNativeTarget "practicefeb22UITests" */;
			buildPhases = (
				E9C3B33F2B8817E3004AE443 /* Sources */,
				E9C3B3402B8817E3004AE443 /* Frameworks */,
				E9C3B3412B8817E3004AE443 /* Resources */,
			);
			buildRules = (
			);
			dependencies = (
				E9C3B3452B8817E3004AE443 /* PBXTargetDependency */,
			);
			name = practicefeb22UITests;
			productName = practicefeb22UITests;
			productReference = E9C3B3432B8817E3004AE443 /* practicefeb22UITests.xctest */;
			productType = "com.apple.product-type.bundle.ui-testing";
		};
/* End PBXNativeTarget section */

/* Begin PBXProject section */
		E9C3B31B2B8817E0004AE443 /* Project object */ = {
			isa = PBXProject;
			attributes = {
				BuildIndependentTargetsInParallel = 1;
				LastSwiftUpdateCheck = 1520;
				LastUpgradeCheck = 1520;
				TargetAttributes = {
					E9C3B3222B8817E0004AE443 = {
						CreatedOnToolsVersion = 15.2;
					};
					E9C3B3382B8817E3004AE443 = {
						CreatedOnToolsVersion = 15.2;
						TestTargetID = E9C3B3222B8817E0004AE443;
					};
					E9C3B3422B8817E3004AE443 = {
						CreatedOnToolsVersion = 15.2;
						TestTargetID = E9C3B3222B8817E0004AE443;
					};
				};
			};
			buildConfigurationList = E9C3B31E2B8817E0004AE443 /* Build configuration list for PBXProject "practicefeb22" */;
			compatibilityVersion = "Xcode 14.0";
			developmentRegion = en;
			hasScannedForEncodings = 0;
			knownRegions = (
				en,
				Base,
			);
			mainGroup = E9C3B31A2B8817E0004AE443;
			productRefGroup = E9C3B3242B8817E0004AE443 /* Products */;
			projectDirPath = "";
			projectRoot = "";
			targets = (
				E9C3B3222B8817E0004AE443 /* practicefeb22 */,
				E9C3B3382B8817E3004AE443 /* practicefeb22Tests */,
				E9C3B3422B8817E3004AE443 /* practicefeb22UITests */,
			);
		};
/* End PBXProject section */

/* Begin PBXResourcesBuildPhase section */
		E9C3B3212B8817E0004AE443 /* Resources */ = {
			isa = PBXResourcesBuildPhase;
			buildActionMask = 2147483647;
			files = (
				E9C3B3332B8817E2004AE443 /* LaunchScreen.storyboard in Resources */,
				E9C3B3302B8817E2004AE443 /* Assets.xcassets in Resources */,
				E9C3B32E2B8817E0004AE443 /* Main.storyboard in Resources */,
			);
			runOnlyForDeploymentPostprocessing = 0;
		};
		E9C3B3372B8817E3004AE443 /* Resources */ = {
			isa = PBXResourcesBuildPhase;
			buildActionMask = 2147483647;
			files = (
			);
			runOnlyForDeploymentPostprocessing = 0;
		};
		E9C3B3412B8817E3004AE443 /* Resources */ = {
			isa = PBXResourcesBuildPhase;
			buildActionMask = 2147483647;
			files = (
			);
			runOnlyForDeploymentPostprocessing = 0;
		};
/* End PBXResourcesBuildPhase section */

/* Begin PBXSourcesBuildPhase section */
		E9C3B31F2B8817E0004AE443 /* Sources */ = {
			isa = PBXSourcesBuildPhase;
			buildActionMask = 2147483647;
			files = (
				E9C3B32B2B8817E0004AE443 /* ViewController.swift in Sources */,
				E9C3B3272B8817E0004AE443 /* AppDelegate.swift in Sources */,
				E9C3B3292B8817E0004AE443 /* SceneDelegate.swift in Sources */,
			);
			runOnlyForDeploymentPostprocessing = 0;
		};
		E9C3B3352B8817E3004AE443 /* Sources */ = {
			isa = PBXSourcesBuildPhase;
			buildActionMask = 2147483647;
			files = (
				E9C3B33E2B8817E3004AE443 /* practicefeb22Tests.swift in Sources */,
			);
			runOnlyForDeploymentPostprocessing = 0;
		};
		E9C3B33F2B8817E3004AE443 /* Sources */ = {
			isa = PBXSourcesBuildPhase;
			buildActionMask = 2147483647;
			files = (
				E9C3B3482B8817E3004AE443 /* practicefeb22UITests.swift in Sources */,
				E9C3B34A2B8817E3004AE443 /* practicefeb22UITestsLaunchTests.swift in Sources */,
			);
			runOnlyForDeploymentPostprocessing = 0;
		};
/* End PBXSourcesBuildPhase section */

/* Begin PBXTargetDependency section */
		E9C3B33B2B8817E3004AE443 /* PBXTargetDependency */ = {
			isa = PBXTargetDependency;
			target = E9C3B3222B8817E0004AE443 /* practicefeb22 */;
			targetProxy = E9C3B33A2B8817E3004AE443 /* PBXContainerItemProxy */;
		};
		E9C3B3452B8817E3004AE443 /* PBXTargetDependency */ = {
			isa = PBXTargetDependency;
			target = E9C3B3222B8817E0004AE443 /* practicefeb22 */;
			targetProxy = E9C3B3442B8817E3004AE443 /* PBXContainerItemProxy */;
		};
/* End PBXTargetDependency section */

/* Begin PBXVariantGroup section */
		E9C3B32C2B8817E0004AE443 /* Main.storyboard */ = {
			isa = PBXVariantGroup;
			children = (
				E9C3B32D2B8817E0004AE443 /* Base */,
			);
			name = Main.storyboard;
			sourceTree = "<group>";
		};
		E9C3B3312B8817E2004AE443 /* LaunchScreen.storyboard */ = {
			isa = PBXVariantGroup;
			children = (
				E9C3B3322B8817E2004AE443 /* Base */,
			);
			name = LaunchScreen.storyboard;
			sourceTree = "<group>";
		};
/* End PBXVariantGroup section */

/* Begin XCBuildConfiguration section */
		E9C3B34B2B8817E3004AE443 /* Debug */ = {
			isa = XCBuildConfiguration;
			buildSettings = {
				ALWAYS_SEARCH_USER_PATHS = NO;
				ASSETCATALOG_COMPILER_GENERATE_SWIFT_ASSET_SYMBOL_EXTENSIONS = YES;
				CLANG_ANALYZER_NONNULL = YES;
				CLANG_ANALYZER_NUMBER_OBJECT_CONVERSION = YES_AGGRESSIVE;
				CLANG_CXX_LANGUAGE_STANDARD = "gnu++20";
				CLANG_ENABLE_MODULES = YES;
				CLANG_ENABLE_OBJC_ARC = YES;
				CLANG_ENABLE_OBJC_WEAK = YES;
				CLANG_WARN_BLOCK_CAPTURE_AUTORELEASING = YES;
				CLANG_WARN_BOOL_CONVERSION = YES;
				CLANG_WARN_COMMA = YES;
				CLANG_WARN_CONSTANT_CONVERSION = YES;
				CLANG_WARN_DEPRECATED_OBJC_IMPLEMENTATIONS = YES;
				CLANG_WARN_DIRECT_OBJC_ISA_USAGE = YES_ERROR;
				CLANG_WARN_DOCUMENTATION_COMMENTS = YES;
				CLANG_WARN_EMPTY_BODY = YES;
				CLANG_WARN_ENUM_CONVERSION = YES;
				CLANG_WARN_INFINITE_RECURSION = YES;
				CLANG_WARN_INT_CONVERSION = YES;
				CLANG_WARN_NON_LITERAL_NULL_CONVERSION = YES;
				CLANG_WARN_OBJC_IMPLICIT_RETAIN_SELF = YES;
				CLANG_WARN_OBJC_LITERAL_CONVERSION = YES;
				CLANG_WARN_OBJC_ROOT_CLASS = YES_ERROR;
				CLANG_WARN_QUOTED_INCLUDE_IN_FRAMEWORK_HEADER = YES;
				CLANG_WARN_RANGE_LOOP_ANALYSIS = YES;
				CLANG_WARN_STRICT_PROTOTYPES = YES;
				CLANG_WARN_SUSPICIOUS_MOVE = YES;
				CLANG_WARN_UNGUARDED_AVAILABILITY = YES_AGGRESSIVE;
				CLANG_WARN_UNREACHABLE_CODE = YES;
				CLANG_WARN__DUPLICATE_METHOD_MATCH = YES;
				COPY_PHASE_STRIP = NO;
				DEBUG_INFORMATION_FORMAT = dwarf;
				ENABLE_STRICT_OBJC_MSGSEND = YES;
				ENABLE_TESTABILITY = YES;
				ENABLE_USER_SCRIPT_SANDBOXING = YES;
				GCC_C_LANGUAGE_STANDARD = gnu17;
				GCC_DYNAMIC_NO_PIC = NO;
				GCC_NO_COMMON_BLOCKS = YES;
				GCC_OPTIMIZATION_LEVEL = 0;
				GCC_PREPROCESSOR_DEFINITIONS = (
					"DEBUG=1",
					"$(inherited)",
				);
				GCC_WARN_64_TO_32_BIT_CONVERSION = YES;
				GCC_WARN_ABOUT_RETURN_TYPE = YES_ERROR;
				GCC_WARN_UNDECLARED_SELECTOR = YES;
				GCC_WARN_UNINITIALIZED_AUTOS = YES_AGGRESSIVE;
				GCC_WARN_UNUSED_FUNCTION = YES;
				GCC_WARN_UNUSED_VARIABLE = YES;
				IPHONEOS_DEPLOYMENT_TARGET = 17.2;
				LOCALIZATION_PREFERS_STRING_CATALOGS = YES;
				MTL_ENABLE_DEBUG_INFO = INCLUDE_SOURCE;
				MTL_FAST_MATH = YES;
				ONLY_ACTIVE_ARCH = YES;
				SDKROOT = iphoneos;
				SWIFT_ACTIVE_COMPILATION_CONDITIONS = "DEBUG $(inherited)";
				SWIFT_OPTIMIZATION_LEVEL = "-Onone";
			};
			name = Debug;
		};
		E9C3B34C2B8817E3004AE443 /* Release */ = {
			isa = XCBuildConfiguration;
			buildSettings = {
				ALWAYS_SEARCH_USER_PATHS = NO;
				ASSETCATALOG_COMPILER_GENERATE_SWIFT_ASSET_SYMBOL_EXTENSIONS = YES;
				CLANG_ANALYZER_NONNULL = YES;
				CLANG_ANALYZER_NUMBER_OBJECT_CONVERSION = YES_AGGRESSIVE;
				CLANG_CXX_LANGUAGE_STANDARD = "gnu++20";
				CLANG_ENABLE_MODULES = YES;
				CLANG_ENABLE_OBJC_ARC = YES;
				CLANG_ENABLE_OBJC_WEAK = YES;
				CLANG_WARN_BLOCK_CAPTURE_AUTORELEASING = YES;
				CLANG_WARN_BOOL_CONVERSION = YES;
				CLANG_WARN_COMMA = YES;
				CLANG_WARN_CONSTANT_CONVERSION = YES;
				CLANG_WARN_DEPRECATED_OBJC_IMPLEMENTATIONS = YES;
				CLANG_WARN_DIRECT_OBJC_ISA_USAGE = YES_ERROR;
				CLANG_WARN_DOCUMENTATION_COMMENTS = YES;
				CLANG_WARN_EMPTY_BODY = YES;
				CLANG_WARN_ENUM_CONVERSION = YES;
				CLANG_WARN_INFINITE_RECURSION = YES;
				CLANG_WARN_INT_CONVERSION = YES;
				CLANG_WARN_NON_LITERAL_NULL_CONVERSION = YES;
				CLANG_WARN_OBJC_IMPLICIT_RETAIN_SELF = YES;
				CLANG_WARN_OBJC_LITERAL_CONVERSION = YES;
				CLANG_WARN_OBJC_ROOT_CLASS = YES_ERROR;
				CLANG_WARN_QUOTED_INCLUDE_IN_FRAMEWORK_HEADER = YES;
				CLANG_WARN_RANGE_LOOP_ANALYSIS = YES;
				CLANG_WARN_STRICT_PROTOTYPES = YES;
				CLANG_WARN_SUSPICIOUS_MOVE = YES;
				CLANG_WARN_UNGUARDED_AVAILABILITY = YES_AGGRESSIVE;
				CLANG_WARN_UNREACHABLE_CODE = YES;
				CLANG_WARN__DUPLICATE_METHOD_MATCH = YES;
				COPY_PHASE_STRIP = NO;
				DEBUG_INFORMATION_FORMAT = "dwarf-with-dsym";
				ENABLE_NS_ASSERTIONS = NO;
				ENABLE_STRICT_OBJC_MSGSEND = YES;
				ENABLE_USER_SCRIPT_SANDBOXING = YES;
				GCC_C_LANGUAGE_STANDARD = gnu17;
				GCC_NO_COMMON_BLOCKS = YES;
				GCC_WARN_64_TO_32_BIT_CONVERSION = YES;
				GCC_WARN_ABOUT_RETURN_TYPE = YES_ERROR;
				GCC_WARN_UNDECLARED_SELECTOR = YES;
				GCC_WARN_UNINITIALIZED_AUTOS = YES_AGGRESSIVE;
				GCC_WARN_UNUSED_FUNCTION = YES;
				GCC_WARN_UNUSED_VARIABLE = YES;
				IPHONEOS_DEPLOYMENT_TARGET = 17.2;
				LOCALIZATION_PREFERS_STRING_CATALOGS = YES;
				MTL_ENABLE_DEBUG_INFO = NO;
				MTL_FAST_MATH = YES;
				SDKROOT = iphoneos;
				SWIFT_COMPILATION_MODE = wholemodule;
				VALIDATE_PRODUCT = YES;
			};
			name = Release;
		};
		E9C3B34E2B8817E3004AE443 /* Debug */ = {
			isa = XCBuildConfiguration;
			buildSettings = {
				ASSETCATALOG_COMPILER_APPICON_NAME = AppIcon;
				ASSETCATALOG_COMPILER_GLOBAL_ACCENT_COLOR_NAME = AccentColor;
				CODE_SIGN_STYLE = Automatic;
				CURRENT_PROJECT_VERSION = 1;
				GENERATE_INFOPLIST_FILE = YES;
				INFOPLIST_FILE = practicefeb22/Info.plist;
				INFOPLIST_KEY_UIApplicationSupportsIndirectInputEvents = YES;
				INFOPLIST_KEY_UILaunchStoryboardName = LaunchScreen;
				INFOPLIST_KEY_UIMainStoryboardFile = Main;
				INFOPLIST_KEY_UISupportedInterfaceOrientations_iPad = "UIInterfaceOrientationPortrait UIInterfaceOrientationPortraitUpsideDown UIInterfaceOrientationLandscapeLeft UIInterfaceOrientationLandscapeRight";
				INFOPLIST_KEY_UISupportedInterfaceOrientations_iPhone = "UIInterfaceOrientationPortrait UIInterfaceOrientationLandscapeLeft UIInterfaceOrientationLandscapeRight";
				LD_RUNPATH_SEARCH_PATHS = (
					"$(inherited)",
					"@executable_path/Frameworks",
				);
				MARKETING_VERSION = 1.0;
				PRODUCT_BUNDLE_IDENTIFIER = com.seneca.160535217.practicefeb22;
				PRODUCT_NAME = "$(TARGET_NAME)";
				SWIFT_EMIT_LOC_STRINGS = YES;
				SWIFT_VERSION = 5.0;
				TARGETED_DEVICE_FAMILY = "1,2";
			};
			name = Debug;
		};
		E9C3B34F2B8817E3004AE443 /* Release */ = {
			isa = XCBuildConfiguration;
			buildSettings = {
				ASSETCATALOG_COMPILER_APPICON_NAME = AppIcon;
				ASSETCATALOG_COMPILER_GLOBAL_ACCENT_COLOR_NAME = AccentColor;
				CODE_SIGN_STYLE = Automatic;
				CURRENT_PROJECT_VERSION = 1;
				GENERATE_INFOPLIST_FILE = YES;
				INFOPLIST_FILE = practicefeb22/Info.plist;
				INFOPLIST_KEY_UIApplicationSupportsIndirectInputEvents = YES;
				INFOPLIST_KEY_UILaunchStoryboardName = LaunchScreen;
				INFOPLIST_KEY_UIMainStoryboardFile = Main;
				INFOPLIST_KEY_UISupportedInterfaceOrientations_iPad = "UIInterfaceOrientationPortrait UIInterfaceOrientationPortraitUpsideDown UIInterfaceOrientationLandscapeLeft UIInterfaceOrientationLandscapeRight";
				INFOPLIST_KEY_UISupportedInterfaceOrientations_iPhone = "UIInterfaceOrientationPortrait UIInterfaceOrientationLandscapeLeft UIInterfaceOrientationLandscapeRight";
				LD_RUNPATH_SEARCH_PATHS = (
					"$(inherited)",
					"@executable_path/Frameworks",
				);
				MARKETING_VERSION = 1.0;
				PRODUCT_BUNDLE_IDENTIFIER = com.seneca.160535217.practicefeb22;
				PRODUCT_NAME = "$(TARGET_NAME)";
				SWIFT_EMIT_LOC_STRINGS = YES;
				SWIFT_VERSION = 5.0;
				TARGETED_DEVICE_FAMILY = "1,2";
			};
			name = Release;
		};
		E9C3B3512B8817E3004AE443 /* Debug */ = {
			isa = XCBuildConfiguration;
			buildSettings = {
				ALWAYS_EMBED_SWIFT_STANDARD_LIBRARIES = YES;
				BUNDLE_LOADER = "$(TEST_HOST)";
				CODE_SIGN_STYLE = Automatic;
				CURRENT_PROJECT_VERSION = 1;
				GENERATE_INFOPLIST_FILE = YES;
				IPHONEOS_DEPLOYMENT_TARGET = 17.2;
				MARKETING_VERSION = 1.0;
				PRODUCT_BUNDLE_IDENTIFIER = com.seneca.160535217.practicefeb22Tests;
				PRODUCT_NAME = "$(TARGET_NAME)";
				SWIFT_EMIT_LOC_STRINGS = NO;
				SWIFT_VERSION = 5.0;
				TARGETED_DEVICE_FAMILY = "1,2";
				TEST_HOST = "$(BUILT_PRODUCTS_DIR)/practicefeb22.app/$(BUNDLE_EXECUTABLE_FOLDER_PATH)/practicefeb22";
			};
			name = Debug;
		};
		E9C3B3522B8817E3004AE443 /* Release */ = {
			isa = XCBuildConfiguration;
			buildSettings = {
				ALWAYS_EMBED_SWIFT_STANDARD_LIBRARIES = YES;
				BUNDLE_LOADER = "$(TEST_HOST)";
				CODE_SIGN_STYLE = Automatic;
				CURRENT_PROJECT_VERSION = 1;
				GENERATE_INFOPLIST_FILE = YES;
				IPHONEOS_DEPLOYMENT_TARGET = 17.2;
				MARKETING_VERSION = 1.0;
				PRODUCT_BUNDLE_IDENTIFIER = com.seneca.160535217.practicefeb22Tests;
				PRODUCT_NAME = "$(TARGET_NAME)";
				SWIFT_EMIT_LOC_STRINGS = NO;
				SWIFT_VERSION = 5.0;
				TARGETED_DEVICE_FAMILY = "1,2";
				TEST_HOST = "$(BUILT_PRODUCTS_DIR)/practicefeb22.app/$(BUNDLE_EXECUTABLE_FOLDER_PATH)/practicefeb22";
			};
			name = Release;
		};
		E9C3B3542B8817E3004AE443 /* Debug */ = {
			isa = XCBuildConfiguration;
			buildSettings = {
				ALWAYS_EMBED_SWIFT_STANDARD_LIBRARIES = YES;
				CODE_SIGN_STYLE = Automatic;
				CURRENT_PROJECT_VERSION = 1;
				GENERATE_INFOPLIST_FILE = YES;
				MARKETING_VERSION = 1.0;
				PRODUCT_BUNDLE_IDENTIFIER = com.seneca.160535217.practicefeb22UITests;
				PRODUCT_NAME = "$(TARGET_NAME)";
				SWIFT_EMIT_LOC_STRINGS = NO;
				SWIFT_VERSION = 5.0;
				TARGETED_DEVICE_FAMILY = "1,2";
				TEST_TARGET_NAME = practicefeb22;
			};
			name = Debug;
		};
		E9C3B3552B8817E3004AE443 /* Release */ = {
			isa = XCBuildConfiguration;
			buildSettings = {
				ALWAYS_EMBED_SWIFT_STANDARD_LIBRARIES = YES;
				CODE_SIGN_STYLE = Automatic;
				CURRENT_PROJECT_VERSION = 1;
				GENERATE_INFOPLIST_FILE = YES;
				MARKETING_VERSION = 1.0;
				PRODUCT_BUNDLE_IDENTIFIER = com.seneca.160535217.practicefeb22UITests;
				PRODUCT_NAME = "$(TARGET_NAME)";
				SWIFT_EMIT_LOC_STRINGS = NO;
				SWIFT_VERSION = 5.0;
				TARGETED_DEVICE_FAMILY = "1,2";
				TEST_TARGET_NAME = practicefeb22;
			};
			name = Release;
		};
/* End XCBuildConfiguration section */

/* Begin XCConfigurationList section */
		E9C3B31E2B8817E0004AE443 /* Build configuration list for PBXProject "practicefeb22" */ = {
			isa = XCConfigurationList;
			buildConfigurations = (
				E9C3B34B2B8817E3004AE443 /* Debug */,
				E9C3B34C2B8817E3004AE443 /* Release */,
			);
			defaultConfigurationIsVisible = 0;
			defaultConfigurationName = Release;
		};
		E9C3B34D2B8817E3004AE443 /* Build configuration list for PBXNativeTarget "practicefeb22" */ = {
			isa = XCConfigurationList;
			buildConfigurations = (
				E9C3B34E2B8817E3004AE443 /* Debug */,
				E9C3B34F2B8817E3004AE443 /* Release */,
			);
			defaultConfigurationIsVisible = 0;
			defaultConfigurationName = Release;
		};
		E9C3B3502B8817E3004AE443 /* Build configuration list for PBXNativeTarget "practicefeb22Tests" */ = {
			isa = XCConfigurationList;
			buildConfigurations = (
				E9C3B3512B8817E3004AE443 /* Debug */,
				E9C3B3522B8817E3004AE443 /* Release */,
			);
			defaultConfigurationIsVisible = 0;
			defaultConfigurationName = Release;
		};
		E9C3B3532B8817E3004AE443 /* Build configuration list for PBXNativeTarget "practicefeb22UITests" */ = {
			isa = XCConfigurationList;
			buildConfigurations = (
				E9C3B3542B8817E3004AE443 /* Debug */,
				E9C3B3552B8817E3004AE443 /* Release */,
			);
			defaultConfigurationIsVisible = 0;
			defaultConfigurationName = Release;
		};
/* End XCConfigurationList section */
	};
	rootObject = E9C3B31B2B8817E0004AE443 /* Project object */;
}
